
Microsoft Visual Studio Solution File, Format Version 12.00
# Visual Studio 15
VisualStudioVersion = 15.0.27428.2005
MinimumVisualStudioVersion = 10.0.40219.1
Project("{FAE04EC0-301F-11D3-BF4B-00C04F79EFBC}") = "iengine", "iengine\iengine.csproj", "{5EB3079B-7912-4F95-97B8-6CDA72A07332}"
EndProject
Global
	GlobalSection(SolutionConfigurationPlatforms) = preSolution
		Debug|Any CPU = Debug|Any CPU
		Release|Any CPU = Release|Any CPU
	EndGlobalSection
	GlobalSection(ProjectConfigurationPlatforms) = postSolution
		{5EB3079B-7912-4F95-97B8-6CDA72A07332}.Debug|Any CPU.ActiveCfg = Debug|Any CPU
		{5EB3079B-7912-4F95-97B8-6CDA72A07332}.Debug|Any CPU.Build.0 = Debug|Any CPU
		{5EB3079B-7912-4F95-97B8-6CDA72A07332}.Release|Any CPU.ActiveCfg = Release|Any CPU
		{5EB3079B-7912-4F95-97B8-6CDA72A07332}.Release|Any CPU.Build.0 = Release|Any CPU
	EndGlobalSection
	GlobalSection(SolutionProperties) = preSolution
		HideSolutionNode = FALSE
	EndGlobalSection
	GlobalSection(ExtensibilityGlobals) = postSolution
		SolutionGuid = {FFD137AB-6E5E-4782-8F70-D0EF030ED5A1}
	EndGlobalSection
EndGlobal
